{
  "requires": true,
  "lockfileVersion": 1,
  "dependencies": {
    "vuetify": {
      "version": "2.0.5",
      "resolved": "https://registry.npmjs.org/vuetify/-/vuetify-2.0.5.tgz",
      "integrity": "sha512-t2JNarqqJRzOEtNg2nP9U5EFU4jR6unA8RIiqBGb3pjSCaTxwHzu5H3wkcBh/NM3y6fd40EuIS+SkFejwGD6RQ=="
    }
  }
}
